
Microsoft Visual Studio Solution File, Format Version 12.00
# Visual Studio Version 16
VisualStudioVersion = 16.0.28729.10
MinimumVisualStudioVersion = 10.0.40219.1
Project("{FAE04EC0-301F-11D3-BF4B-00C04F79EFBC}") = "PEGASUS FULL VERSION", "PEGASUS FULL VERSION\PEGASUS FULL VERSION.csproj", "{836E495F-E1AF-498C-B2B2-80C5995F9FE9}"
EndProject
Global
	GlobalSection(SolutionConfigurationPlatforms) = preSolution
		Debug|Any CPU = Debug|Any CPU
		Release|Any CPU = Release|Any CPU
	EndGlobalSection
	GlobalSection(ProjectConfigurationPlatforms) = postSolution
		{836E495F-E1AF-498C-B2B2-80C5995F9FE9}.Debug|Any CPU.ActiveCfg = Debug|Any CPU
		{836E495F-E1AF-498C-B2B2-80C5995F9FE9}.Debug|Any CPU.Build.0 = Debug|Any CPU
		{836E495F-E1AF-498C-B2B2-80C5995F9FE9}.Release|Any CPU.ActiveCfg = Release|Any CPU
		{836E495F-E1AF-498C-B2B2-80C5995F9FE9}.Release|Any CPU.Build.0 = Release|Any CPU
	EndGlobalSection
	GlobalSection(SolutionProperties) = preSolution
		HideSolutionNode = FALSE
	EndGlobalSection
EndGlobal
